
Microsoft Visual Studio Solution File, Format Version 12.00
# Visual Studio Version 16
VisualStudioVersion = 16.0.31829.152
MinimumVisualStudioVersion = 10.0.40219.1
Project("{FAE04EC0-301F-11D3-BF4B-00C04F79EFBC}") = "Advanced2", "Advanced2\Advanced2.csproj", "{F8CEC8D6-51B1-4BFD-9070-6D74741FD7F9}"
EndProject
Global
	GlobalSection(SolutionConfigurationPlatforms) = preSolution
		Debug|Any CPU = Debug|Any CPU
		Release|Any CPU = Release|Any CPU
	EndGlobalSection
	GlobalSection(ProjectConfigurationPlatforms) = postSolution
		{F8CEC8D6-51B1-4BFD-9070-6D74741FD7F9}.Debug|Any CPU.ActiveCfg = Debug|Any CPU
		{F8CEC8D6-51B1-4BFD-9070-6D74741FD7F9}.Debug|Any CPU.Build.0 = Debug|Any CPU
		{F8CEC8D6-51B1-4BFD-9070-6D74741FD7F9}.Release|Any CPU.ActiveCfg = Release|Any CPU
		{F8CEC8D6-51B1-4BFD-9070-6D74741FD7F9}.Release|Any CPU.Build.0 = Release|Any CPU
	EndGlobalSection
	GlobalSection(SolutionProperties) = preSolution
		HideSolutionNode = FALSE
	EndGlobalSection
	GlobalSection(ExtensibilityGlobals) = postSolution
		SolutionGuid = {F003CB47-7695-4178-BB2D-EC63497ACD7C}
	EndGlobalSection
EndGlobal
